<?xml version="1.0" encoding="UTF-8" standalone="yes" ?>
<CodeBlocks_project_file>
	<FileVersion major="1" minor="6" />
	<Project>
		<Option title="ee" />
		<Option pch_mode="2" />
		<Option compiler="gcc" />
		<Build>
			<Target title="Debug">
				<Option output="eetest-debug" prefix_auto="1" extension_auto="1" />
				<Option object_output=".\obj\win\debug\" />
				<Option type="1" />
				<Option compiler="gcc" />
				<Compiler>
					<Add option="-Wall" />
					<Add option="-g" />
					<Add option="-DEE_DEBUG" />
					<Add option="-DEE_MEMORY_MANAGER" />
				</Compiler>
				<Linker>
					<Add library=".\libs\win\debug\libeepp.a" />
				</Linker>
			</Target>
			<Target title="Release">
				<Option output="eetest-release" prefix_auto="1" extension_auto="1" />
				<Option object_output=".\obj\win\release\" />
				<Option type="1" />
				<Option compiler="gcc" />
				<Compiler>
					<Add option="-O3" />
				</Compiler>
				<Linker>
					<Add option="-s" />
					<Add library=".\libs\win\release\libeepp.a" />
				</Linker>
			</Target>
		</Build>
		<Compiler>
			<Add option="-Wall" />
		</Compiler>
		<Linker>
			<Add option="-mwindows" />
			<Add library="mingw32" />
			<Add library="SDLmain" />
			<Add library="SDL" />
			<Add library="opengl32" />
			<Add library="glu32" />
			<Add library="freetype" />
			<Add library="libsndfile-1" />
			<Add library="OpenAL32" />
			<Add library="allegro" />
		</Linker>
		<Unit filename="src\test\eetest.cpp" />
		<Unit filename="src\test\eetest.hpp" />
		<Extensions>
			<envvars />
			<code_completion />
			<debugger />
			<lib_finder disable_auto="1" />
			<DoxyBlocks>
				<comment_style block="0" line="0" />
				<doxyfile_project />
				<doxyfile_build />
				<doxyfile_warnings />
				<doxyfile_output />
				<doxyfile_dot />
				<general />
			</DoxyBlocks>
		</Extensions>
	</Project>
</CodeBlocks_project_file>
